
Microsoft Visual Studio Solution File, Format Version 12.00
# Visual Studio Version 17
VisualStudioVersion = 17.13.35919.96 d17.13
MinimumVisualStudioVersion = 10.0.40219.1
Project("{FAE04EC0-301F-11D3-BF4B-00C04F79EFBC}") = "HotelGloriaDataBase", "HotelGloriaDataBase.csproj", "{1BCB31B2-1170-4651-9D89-D8123A7CD27E}"
EndProject
Global
	GlobalSection(SolutionConfigurationPlatforms) = preSolution
		Debug|Any CPU = Debug|Any CPU
		Release|Any CPU = Release|Any CPU
	EndGlobalSection
	GlobalSection(ProjectConfigurationPlatforms) = postSolution
		{1BCB31B2-1170-4651-9D89-D8123A7CD27E}.Debug|Any CPU.ActiveCfg = Debug|Any CPU
		{1BCB31B2-1170-4651-9D89-D8123A7CD27E}.Debug|Any CPU.Build.0 = Debug|Any CPU
		{1BCB31B2-1170-4651-9D89-D8123A7CD27E}.Release|Any CPU.ActiveCfg = Release|Any CPU
		{1BCB31B2-1170-4651-9D89-D8123A7CD27E}.Release|Any CPU.Build.0 = Release|Any CPU
	EndGlobalSection
	GlobalSection(SolutionProperties) = preSolution
		HideSolutionNode = FALSE
	EndGlobalSection
	GlobalSection(ExtensibilityGlobals) = postSolution
		SolutionGuid = {F9089707-F36F-4485-9FCD-0AB4E1B7F6FC}
	EndGlobalSection
EndGlobal
